
Microsoft Visual Studio Solution File, Format Version 12.00
# Visual Studio Version 16
VisualStudioVersion = 16.0.29503.13
MinimumVisualStudioVersion = 10.0.40219.1
Project("{9A19103F-16F7-4668-BE54-9A1E7A4F7556}") = "OBSHotKeysManager.Web", "OBSHotKeysManager.Web\OBSHotKeysManager.Web.csproj", "{BA52B028-F013-4B0F-AFF6-FA40C4575755}"
EndProject
Global
	GlobalSection(SolutionConfigurationPlatforms) = preSolution
		Debug|Any CPU = Debug|Any CPU
		Release|Any CPU = Release|Any CPU
	EndGlobalSection
	GlobalSection(ProjectConfigurationPlatforms) = postSolution
		{BA52B028-F013-4B0F-AFF6-FA40C4575755}.Debug|Any CPU.ActiveCfg = Debug|Any CPU
		{BA52B028-F013-4B0F-AFF6-FA40C4575755}.Debug|Any CPU.Build.0 = Debug|Any CPU
		{BA52B028-F013-4B0F-AFF6-FA40C4575755}.Release|Any CPU.ActiveCfg = Release|Any CPU
		{BA52B028-F013-4B0F-AFF6-FA40C4575755}.Release|Any CPU.Build.0 = Release|Any CPU
	EndGlobalSection
	GlobalSection(SolutionProperties) = preSolution
		HideSolutionNode = FALSE
	EndGlobalSection
	GlobalSection(ExtensibilityGlobals) = postSolution
		SolutionGuid = {2BB38AF3-38DD-430A-B92E-90829C676490}
	EndGlobalSection
EndGlobal
